
Microsoft Visual Studio Solution File, Format Version 12.00
# Visual Studio Version 17
VisualStudioVersion = 17.11.35327.3
MinimumVisualStudioVersion = 10.0.40219.1
Project("{FAE04EC0-301F-11D3-BF4B-00C04F79EFBC}") = "CapaPresentacion", "CapaPresentacion\CapaPresentacion.csproj", "{9B5D4C54-B97F-4F1C-903D-B78A99F6BE37}"
EndProject
Project("{FAE04EC0-301F-11D3-BF4B-00C04F79EFBC}") = "CapaDatos", "CapaDatos\CapaDatos.csproj", "{437EF887-0808-4B89-87D6-DC542E5136EF}"
EndProject
Project("{FAE04EC0-301F-11D3-BF4B-00C04F79EFBC}") = "CapaEntidades", "CapaEntidades\CapaEntidades.csproj", "{F6C109C6-DCB2-4304-BBB9-8B7BB2B70FDA}"
EndProject
Project("{FAE04EC0-301F-11D3-BF4B-00C04F79EFBC}") = "CapaNegocio", "CapaNegocio\CapaNegocio.csproj", "{EBEF2FF7-367E-4631-9B42-E4D05F097A25}"
EndProject
Global
	GlobalSection(SolutionConfigurationPlatforms) = preSolution
		Debug|Any CPU = Debug|Any CPU
		Release|Any CPU = Release|Any CPU
	EndGlobalSection
	GlobalSection(ProjectConfigurationPlatforms) = postSolution
		{9B5D4C54-B97F-4F1C-903D-B78A99F6BE37}.Debug|Any CPU.ActiveCfg = Debug|Any CPU
		{9B5D4C54-B97F-4F1C-903D-B78A99F6BE37}.Debug|Any CPU.Build.0 = Debug|Any CPU
		{9B5D4C54-B97F-4F1C-903D-B78A99F6BE37}.Release|Any CPU.ActiveCfg = Release|Any CPU
		{9B5D4C54-B97F-4F1C-903D-B78A99F6BE37}.Release|Any CPU.Build.0 = Release|Any CPU
		{437EF887-0808-4B89-87D6-DC542E5136EF}.Debug|Any CPU.ActiveCfg = Debug|Any CPU
		{437EF887-0808-4B89-87D6-DC542E5136EF}.Debug|Any CPU.Build.0 = Debug|Any CPU
		{437EF887-0808-4B89-87D6-DC542E5136EF}.Release|Any CPU.ActiveCfg = Release|Any CPU
		{437EF887-0808-4B89-87D6-DC542E5136EF}.Release|Any CPU.Build.0 = Release|Any CPU
		{F6C109C6-DCB2-4304-BBB9-8B7BB2B70FDA}.Debug|Any CPU.ActiveCfg = Debug|Any CPU
		{F6C109C6-DCB2-4304-BBB9-8B7BB2B70FDA}.Debug|Any CPU.Build.0 = Debug|Any CPU
		{F6C109C6-DCB2-4304-BBB9-8B7BB2B70FDA}.Release|Any CPU.ActiveCfg = Release|Any CPU
		{F6C109C6-DCB2-4304-BBB9-8B7BB2B70FDA}.Release|Any CPU.Build.0 = Release|Any CPU
		{EBEF2FF7-367E-4631-9B42-E4D05F097A25}.Debug|Any CPU.ActiveCfg = Debug|Any CPU
		{EBEF2FF7-367E-4631-9B42-E4D05F097A25}.Debug|Any CPU.Build.0 = Debug|Any CPU
		{EBEF2FF7-367E-4631-9B42-E4D05F097A25}.Release|Any CPU.ActiveCfg = Release|Any CPU
		{EBEF2FF7-367E-4631-9B42-E4D05F097A25}.Release|Any CPU.Build.0 = Release|Any CPU
	EndGlobalSection
	GlobalSection(SolutionProperties) = preSolution
		HideSolutionNode = FALSE
	EndGlobalSection
	GlobalSection(ExtensibilityGlobals) = postSolution
		SolutionGuid = {A6232E32-C6C9-4849-859A-27A144214826}
	EndGlobalSection
EndGlobal
